// !$*UTF8*$!
{
	archiveVersion = 1;
	classes = {
	};
	objectVersion = 48;
	objects = {

/* Begin PBXBuildFile section */
		350EDD8E20071B2A00E1C810 /* BugsaverView.h in Headers */ = {isa = PBXBuildFile; fileRef = 350EDD8D20071B2A00E1C810 /* BugsaverView.h */; };
		350EDD9020071B2A00E1C810 /* BugsaverView.m in Sources */ = {isa = PBXBuildFile; fileRef = 350EDD8F20071B2A00E1C810 /* BugsaverView.m */; };
		350EDD9820071BD000E1C810 /* Animation.mp4 in Resources */ = {isa = PBXBuildFile; fileRef = 350EDD9720071BD000E1C810 /* Animation.mp4 */; };
		350EDD9B20071CCD00E1C810 /* AVFoundation.framework in Frameworks */ = {isa = PBXBuildFile; fileRef = 350EDD9A20071CCD00E1C810 /* AVFoundation.framework */; };
		35219BA720072AC900440BEB /* thumbnail.png in Resources */ = {isa = PBXBuildFile; fileRef = 35219BA620072AC800440BEB /* thumbnail.png */; };
/* End PBXBuildFile section */

/* Begin PBXFileReference section */
		350EDD8A20071B2A00E1C810 /* Bugsaver.saver */ = {isa = PBXFileReference; explicitFileType = wrapper.cfbundle; includeInIndex = 0; path = Bugsaver.saver; sourceTree = BUILT_PRODUCTS_DIR; };
		350EDD8D20071B2A00E1C810 /* BugsaverView.h */ = {isa = PBXFileReference; lastKnownFileType = sourcecode.c.h; path = BugsaverView.h; sourceTree = "<group>"; };
		350EDD8F20071B2A00E1C810 /* BugsaverView.m */ = {isa = PBXFileReference; lastKnownFileType = sourcecode.c.objc; path = BugsaverView.m; sourceTree = "<group>"; };
		350EDD9120071B2A00E1C810 /* Info.plist */ = {isa = PBXFileReference; lastKnownFileType = text.plist.xml; path = Info.plist; sourceTree = "<group>"; };
		350EDD9720071BD000E1C810 /* Animation.mp4 */ = {isa = PBXFileReference; lastKnownFileType = file; path = Animation.mp4; sourceTree = "<group>"; };
		350EDD9A20071CCD00E1C810 /* AVFoundation.framework */ = {isa = PBXFileReference; lastKnownFileType = wrapper.framework; name = AVFoundation.framework; path = System/Library/Frameworks/AVFoundation.framework; sourceTree = SDKROOT; };
		35219BA620072AC800440BEB /* thumbnail.png */ = {isa = PBXFileReference; lastKnownFileType = image.png; path = thumbnail.png; sourceTree = "<group>"; };
/* End PBXFileReference section */

/* Begin PBXFrameworksBuildPhase section */
		350EDD8620071B2A00E1C810 /* Frameworks */ = {
			isa = PBXFrameworksBuildPhase;
			buildActionMask = 2147483647;
			files = (
				350EDD9B20071CCD00E1C810 /* AVFoundation.framework in Frameworks */,
			);
			runOnlyForDeploymentPostprocessing = 0;
		};
/* End PBXFrameworksBuildPhase section */

/* Begin PBXGroup section */
		350EDD8020071B2A00E1C810 = {
			isa = PBXGroup;
			children = (
				350EDD8C20071B2A00E1C810 /* Bugsaver */,
				350EDD8B20071B2A00E1C810 /* Products */,
				350EDD9920071CCD00E1C810 /* Frameworks */,
			);
			sourceTree = "<group>";
		};
		350EDD8B20071B2A00E1C810 /* Products */ = {
			isa = PBXGroup;
			children = (
				350EDD8A20071B2A00E1C810 /* Bugsaver.saver */,
			);
			name = Products;
			sourceTree = "<group>";
		};
		350EDD8C20071B2A00E1C810 /* Bugsaver */ = {
			isa = PBXGroup;
			children = (
				350EDD8D20071B2A00E1C810 /* BugsaverView.h */,
				350EDD8F20071B2A00E1C810 /* BugsaverView.m */,
				350EDD9720071BD000E1C810 /* Animation.mp4 */,
				35219BA620072AC800440BEB /* thumbnail.png */,
				350EDD9120071B2A00E1C810 /* Info.plist */,
			);
			path = Bugsaver;
			sourceTree = "<group>";
		};
		350EDD9920071CCD00E1C810 /* Frameworks */ = {
			isa = PBXGroup;
			children = (
				350EDD9A20071CCD00E1C810 /* AVFoundation.framework */,
			);
			name = Frameworks;
			sourceTree = "<group>";
		};
/* End PBXGroup section */

/* Begin PBXHeadersBuildPhase section */
		350EDD8720071B2A00E1C810 /* Headers */ = {
			isa = PBXHeadersBuildPhase;
			buildActionMask = 2147483647;
			files = (
				350EDD8E20071B2A00E1C810 /* BugsaverView.h in Headers */,
			);
			runOnlyForDeploymentPostprocessing = 0;
		};
/* End PBXHeadersBuildPhase section */

/* Begin PBXNativeTarget section */
		350EDD8920071B2A00E1C810 /* Bugsaver */ = {
			isa = PBXNativeTarget;
			buildConfigurationList = 350EDD9420071B2A00E1C810 /* Build configuration list for PBXNativeTarget "Bugsaver" */;
			buildPhases = (
				350EDD8520071B2A00E1C810 /* Sources */,
				350EDD8620071B2A00E1C810 /* Frameworks */,
				350EDD8720071B2A00E1C810 /* Headers */,
				350EDD8820071B2A00E1C810 /* Resources */,
			);
			buildRules = (
			);
			dependencies = (
			);
			name = Bugsaver;
			productName = Bugsaver;
			productReference = 350EDD8A20071B2A00E1C810 /* Bugsaver.saver */;
			productType = "com.apple.product-type.bundle";
		};
/* End PBXNativeTarget section */

/* Begin PBXProject section */
		350EDD8120071B2A00E1C810 /* Project object */ = {
			isa = PBXProject;
			attributes = {
				LastUpgradeCheck = 0920;
				ORGANIZATIONNAME = Bugsnag;
				TargetAttributes = {
					350EDD8920071B2A00E1C810 = {
						CreatedOnToolsVersion = 9.2;
						ProvisioningStyle = Automatic;
					};
				};
			};
			buildConfigurationList = 350EDD8420071B2A00E1C810 /* Build configuration list for PBXProject "Bugsaver" */;
			compatibilityVersion = "Xcode 8.0";
			developmentRegion = en;
			hasScannedForEncodings = 0;
			knownRegions = (
				en,
			);
			mainGroup = 350EDD8020071B2A00E1C810;
			productRefGroup = 350EDD8B20071B2A00E1C810 /* Products */;
			projectDirPath = "";
			projectRoot = "";
			targets = (
				350EDD8920071B2A00E1C810 /* Bugsaver */,
			);
		};
/* End PBXProject section */

/* Begin PBXResourcesBuildPhase section */
		350EDD8820071B2A00E1C810 /* Resources */ = {
			isa = PBXResourcesBuildPhase;
			buildActionMask = 2147483647;
			files = (
				35219BA720072AC900440BEB /* thumbnail.png in Resources */,
				350EDD9820071BD000E1C810 /* Animation.mp4 in Resources */,
			);
			runOnlyForDeploymentPostprocessing = 0;
		};
/* End PBXResourcesBuildPhase section */

/* Begin PBXSourcesBuildPhase section */
		350EDD8520071B2A00E1C810 /* Sources */ = {
			isa = PBXSourcesBuildPhase;
			buildActionMask = 2147483647;
			files = (
				350EDD9020071B2A00E1C810 /* BugsaverView.m in Sources */,
			);
			runOnlyForDeploymentPostprocessing = 0;
		};
/* End PBXSourcesBuildPhase section */

/* Begin XCBuildConfiguration section */
		350EDD9220071B2A00E1C810 /* Debug */ = {
			isa = XCBuildConfiguration;
			buildSettings = {
				ALWAYS_SEARCH_USER_PATHS = NO;
				CLANG_ANALYZER_NONNULL = YES;
				CLANG_ANALYZER_NUMBER_OBJECT_CONVERSION = YES_AGGRESSIVE;
				CLANG_CXX_LANGUAGE_STANDARD = "gnu++14";
				CLANG_CXX_LIBRARY = "libc++";
				CLANG_ENABLE_MODULES = YES;
				CLANG_ENABLE_OBJC_ARC = YES;
				CLANG_WARN_BLOCK_CAPTURE_AUTORELEASING = YES;
				CLANG_WARN_BOOL_CONVERSION = YES;
				CLANG_WARN_COMMA = YES;
				CLANG_WARN_CONSTANT_CONVERSION = YES;
				CLANG_WARN_DIRECT_OBJC_ISA_USAGE = YES_ERROR;
				CLANG_WARN_DOCUMENTATION_COMMENTS = YES;
				CLANG_WARN_EMPTY_BODY = YES;
				CLANG_WARN_ENUM_CONVERSION = YES;
				CLANG_WARN_INFINITE_RECURSION = YES;
				CLANG_WARN_INT_CONVERSION = YES;
				CLANG_WARN_NON_LITERAL_NULL_CONVERSION = YES;
				CLANG_WARN_OBJC_LITERAL_CONVERSION = YES;
				CLANG_WARN_OBJC_ROOT_CLASS = YES_ERROR;
				CLANG_WARN_RANGE_LOOP_ANALYSIS = YES;
				CLANG_WARN_STRICT_PROTOTYPES = YES;
				CLANG_WARN_SUSPICIOUS_MOVE = YES;
				CLANG_WARN_UNGUARDED_AVAILABILITY = YES_AGGRESSIVE;
				CLANG_WARN_UNREACHABLE_CODE = YES;
				CLANG_WARN__DUPLICATE_METHOD_MATCH = YES;
				CODE_SIGN_IDENTITY = "-";
				COPY_PHASE_STRIP = NO;
				DEBUG_INFORMATION_FORMAT = dwarf;
				ENABLE_STRICT_OBJC_MSGSEND = YES;
				ENABLE_TESTABILITY = YES;
				GCC_C_LANGUAGE_STANDARD = gnu11;
				GCC_DYNAMIC_NO_PIC = NO;
				GCC_NO_COMMON_BLOCKS = YES;
				GCC_OPTIMIZATION_LEVEL = 0;
				GCC_PREPROCESSOR_DEFINITIONS = (
					"DEBUG=1",
					"$(inherited)",
				);
				GCC_WARN_64_TO_32_BIT_CONVERSION = YES;
				GCC_WARN_ABOUT_RETURN_TYPE = YES_ERROR;
				GCC_WARN_UNDECLARED_SELECTOR = YES;
				GCC_WARN_UNINITIALIZED_AUTOS = YES_AGGRESSIVE;
				GCC_WARN_UNUSED_FUNCTION = YES;
				GCC_WARN_UNUSED_VARIABLE = YES;
				MACOSX_DEPLOYMENT_TARGET = 10.13;
				MTL_ENABLE_DEBUG_INFO = YES;
				ONLY_ACTIVE_ARCH = YES;
				SDKROOT = macosx;
			};
			name = Debug;
		};
		350EDD9320071B2A00E1C810 /* Release */ = {
			isa = XCBuildConfiguration;
			buildSettings = {
				ALWAYS_SEARCH_USER_PATHS = NO;
				CLANG_ANALYZER_NONNULL = YES;
				CLANG_ANALYZER_NUMBER_OBJECT_CONVERSION = YES_AGGRESSIVE;
				CLANG_CXX_LANGUAGE_STANDARD = "gnu++14";
				CLANG_CXX_LIBRARY = "libc++";
				CLANG_ENABLE_MODULES = YES;
				CLANG_ENABLE_OBJC_ARC = YES;
				CLANG_WARN_BLOCK_CAPTURE_AUTORELEASING = YES;
				CLANG_WARN_BOOL_CONVERSION = YES;
				CLANG_WARN_COMMA = YES;
				CLANG_WARN_CONSTANT_CONVERSION = YES;
				CLANG_WARN_DIRECT_OBJC_ISA_USAGE = YES_ERROR;
				CLANG_WARN_DOCUMENTATION_COMMENTS = YES;
				CLANG_WARN_EMPTY_BODY = YES;
				CLANG_WARN_ENUM_CONVERSION = YES;
				CLANG_WARN_INFINITE_RECURSION = YES;
				CLANG_WARN_INT_CONVERSION = YES;
				CLANG_WARN_NON_LITERAL_NULL_CONVERSION = YES;
				CLANG_WARN_OBJC_LITERAL_CONVERSION = YES;
				CLANG_WARN_OBJC_ROOT_CLASS = YES_ERROR;
				CLANG_WARN_RANGE_LOOP_ANALYSIS = YES;
				CLANG_WARN_STRICT_PROTOTYPES = YES;
				CLANG_WARN_SUSPICIOUS_MOVE = YES;
				CLANG_WARN_UNGUARDED_AVAILABILITY = YES_AGGRESSIVE;
				CLANG_WARN_UNREACHABLE_CODE = YES;
				CLANG_WARN__DUPLICATE_METHOD_MATCH = YES;
				CODE_SIGN_IDENTITY = "-";
				COPY_PHASE_STRIP = NO;
				DEBUG_INFORMATION_FORMAT = "dwarf-with-dsym";
				ENABLE_NS_ASSERTIONS = NO;
				ENABLE_STRICT_OBJC_MSGSEND = YES;
				GCC_C_LANGUAGE_STANDARD = gnu11;
				GCC_NO_COMMON_BLOCKS = YES;
				GCC_WARN_64_TO_32_BIT_CONVERSION = YES;
				GCC_WARN_ABOUT_RETURN_TYPE = YES_ERROR;
				GCC_WARN_UNDECLARED_SELECTOR = YES;
				GCC_WARN_UNINITIALIZED_AUTOS = YES_AGGRESSIVE;
				GCC_WARN_UNUSED_FUNCTION = YES;
				GCC_WARN_UNUSED_VARIABLE = YES;
				MACOSX_DEPLOYMENT_TARGET = 10.13;
				MTL_ENABLE_DEBUG_INFO = NO;
				SDKROOT = macosx;
			};
			name = Release;
		};
		350EDD9520071B2A00E1C810 /* Debug */ = {
			isa = XCBuildConfiguration;
			buildSettings = {
				CODE_SIGN_STYLE = Automatic;
				COMBINE_HIDPI_IMAGES = YES;
				EMBED_ASSET_PACKS_IN_PRODUCT_BUNDLE = YES;
				INFOPLIST_FILE = Bugsaver/Info.plist;
				INSTALL_PATH = "$(HOME)/Library/Screen Savers";
				PRODUCT_BUNDLE_IDENTIFIER = bugsnag.Bugsaver;
				PRODUCT_NAME = "$(TARGET_NAME)";
				WRAPPER_EXTENSION = saver;
			};
			name = Debug;
		};
		350EDD9620071B2A00E1C810 /* Release */ = {
			isa = XCBuildConfiguration;
			buildSettings = {
				CODE_SIGN_STYLE = Automatic;
				COMBINE_HIDPI_IMAGES = YES;
				EMBED_ASSET_PACKS_IN_PRODUCT_BUNDLE = YES;
				INFOPLIST_FILE = Bugsaver/Info.plist;
				INSTALL_PATH = "$(HOME)/Library/Screen Savers";
				PRODUCT_BUNDLE_IDENTIFIER = bugsnag.Bugsaver;
				PRODUCT_NAME = "$(TARGET_NAME)";
				WRAPPER_EXTENSION = saver;
			};
			name = Release;
		};
/* End XCBuildConfiguration section */

/* Begin XCConfigurationList section */
		350EDD8420071B2A00E1C810 /* Build configuration list for PBXProject "Bugsaver" */ = {
			isa = XCConfigurationList;
			buildConfigurations = (
				350EDD9220071B2A00E1C810 /* Debug */,
				350EDD9320071B2A00E1C810 /* Release */,
			);
			defaultConfigurationIsVisible = 0;
			defaultConfigurationName = Release;
		};
		350EDD9420071B2A00E1C810 /* Build configuration list for PBXNativeTarget "Bugsaver" */ = {
			isa = XCConfigurationList;
			buildConfigurations = (
				350EDD9520071B2A00E1C810 /* Debug */,
				350EDD9620071B2A00E1C810 /* Release */,
			);
			defaultConfigurationIsVisible = 0;
			defaultConfigurationName = Release;
		};
/* End XCConfigurationList section */
	};
	rootObject = 350EDD8120071B2A00E1C810 /* Project object */;
}
